
Microsoft Visual Studio Solution File, Format Version 12.00
# Visual Studio 15
VisualStudioVersion = 15.0.26228.4
MinimumVisualStudioVersion = 10.0.40219.1
Project("{8BC9CEB8-8B4A-11D0-8D11-00A0C91BC942}") = "Frodo", "Frodo\Frodo.vcxproj", "{08D9DCE5-D732-43BA-AAC0-E58595D81DF2}"
	ProjectSection(ProjectDependencies) = postProject
		{567204D9-06C3-4D14-8722-759E9BE9C88D} = {567204D9-06C3-4D14-8722-759E9BE9C88D}
	EndProjectSection
EndProject
Project("{8BC9CEB8-8B4A-11D0-8D11-00A0C91BC942}") = "Sandbox", "Sandbox\Sandbox.vcxproj", "{610C60D3-5D1B-4BAE-9F36-733B5B06E38A}"
EndProject
Project("{2150E333-8FDC-42A3-9474-1A3956D46DE8}") = "Dependencies", "Dependencies", "{A81A7A4F-D4F5-46E0-8E7F-71A16C6B0905}"
EndProject
Project("{8BC9CEB8-8B4A-11D0-8D11-00A0C91BC942}") = "FreeType", "Dependencies\FreeType\FreeType.vcxproj", "{567204D9-06C3-4D14-8722-759E9BE9C88D}"
EndProject
Project("{8BC9CEB8-8B4A-11D0-8D11-00A0C91BC942}") = "FrodoCLI", "FrodoCLI\FrodoCLI.vcxproj", "{794462E7-FA35-40C3-9881-F3E06132A559}"
	ProjectSection(ProjectDependencies) = postProject
		{08D9DCE5-D732-43BA-AAC0-E58595D81DF2} = {08D9DCE5-D732-43BA-AAC0-E58595D81DF2}
	EndProjectSection
EndProject
Global
	GlobalSection(SolutionConfigurationPlatforms) = preSolution
		Debug|x64 = Debug|x64
		Debug|x86 = Debug|x86
		Release|x64 = Release|x64
		Release|x86 = Release|x86
	EndGlobalSection
	GlobalSection(ProjectConfigurationPlatforms) = postSolution
		{08D9DCE5-D732-43BA-AAC0-E58595D81DF2}.Debug|x64.ActiveCfg = Debug|x64
		{08D9DCE5-D732-43BA-AAC0-E58595D81DF2}.Debug|x64.Build.0 = Debug|x64
		{08D9DCE5-D732-43BA-AAC0-E58595D81DF2}.Debug|x86.ActiveCfg = Debug|Win32
		{08D9DCE5-D732-43BA-AAC0-E58595D81DF2}.Debug|x86.Build.0 = Debug|Win32
		{08D9DCE5-D732-43BA-AAC0-E58595D81DF2}.Release|x64.ActiveCfg = Release|x64
		{08D9DCE5-D732-43BA-AAC0-E58595D81DF2}.Release|x64.Build.0 = Release|x64
		{08D9DCE5-D732-43BA-AAC0-E58595D81DF2}.Release|x86.ActiveCfg = Release|Win32
		{08D9DCE5-D732-43BA-AAC0-E58595D81DF2}.Release|x86.Build.0 = Release|Win32
		{610C60D3-5D1B-4BAE-9F36-733B5B06E38A}.Debug|x64.ActiveCfg = Debug|x64
		{610C60D3-5D1B-4BAE-9F36-733B5B06E38A}.Debug|x64.Build.0 = Debug|x64
		{610C60D3-5D1B-4BAE-9F36-733B5B06E38A}.Debug|x86.ActiveCfg = Debug|Win32
		{610C60D3-5D1B-4BAE-9F36-733B5B06E38A}.Debug|x86.Build.0 = Debug|Win32
		{610C60D3-5D1B-4BAE-9F36-733B5B06E38A}.Release|x64.ActiveCfg = Release|x64
		{610C60D3-5D1B-4BAE-9F36-733B5B06E38A}.Release|x64.Build.0 = Release|x64
		{610C60D3-5D1B-4BAE-9F36-733B5B06E38A}.Release|x86.ActiveCfg = Release|Win32
		{610C60D3-5D1B-4BAE-9F36-733B5B06E38A}.Release|x86.Build.0 = Release|Win32
		{567204D9-06C3-4D14-8722-759E9BE9C88D}.Debug|x64.ActiveCfg = Debug|x64
		{567204D9-06C3-4D14-8722-759E9BE9C88D}.Debug|x64.Build.0 = Debug|x64
		{567204D9-06C3-4D14-8722-759E9BE9C88D}.Debug|x86.ActiveCfg = Debug|Win32
		{567204D9-06C3-4D14-8722-759E9BE9C88D}.Debug|x86.Build.0 = Debug|Win32
		{567204D9-06C3-4D14-8722-759E9BE9C88D}.Release|x64.ActiveCfg = Release|x64
		{567204D9-06C3-4D14-8722-759E9BE9C88D}.Release|x64.Build.0 = Release|x64
		{567204D9-06C3-4D14-8722-759E9BE9C88D}.Release|x86.ActiveCfg = Release|Win32
		{567204D9-06C3-4D14-8722-759E9BE9C88D}.Release|x86.Build.0 = Release|Win32
		{794462E7-FA35-40C3-9881-F3E06132A559}.Debug|x64.ActiveCfg = Debug|x64
		{794462E7-FA35-40C3-9881-F3E06132A559}.Debug|x64.Build.0 = Debug|x64
		{794462E7-FA35-40C3-9881-F3E06132A559}.Debug|x86.ActiveCfg = Debug|Win32
		{794462E7-FA35-40C3-9881-F3E06132A559}.Debug|x86.Build.0 = Debug|Win32
		{794462E7-FA35-40C3-9881-F3E06132A559}.Release|x64.ActiveCfg = Release|x64
		{794462E7-FA35-40C3-9881-F3E06132A559}.Release|x64.Build.0 = Release|x64
		{794462E7-FA35-40C3-9881-F3E06132A559}.Release|x86.ActiveCfg = Release|Win32
		{794462E7-FA35-40C3-9881-F3E06132A559}.Release|x86.Build.0 = Release|Win32
	EndGlobalSection
	GlobalSection(SolutionProperties) = preSolution
		HideSolutionNode = FALSE
	EndGlobalSection
	GlobalSection(NestedProjects) = preSolution
		{567204D9-06C3-4D14-8722-759E9BE9C88D} = {A81A7A4F-D4F5-46E0-8E7F-71A16C6B0905}
	EndGlobalSection
EndGlobal
