<?xml version="1.0" encoding="utf-8"?>
<Project ToolsVersion="4.0" xmlns="http://schemas.microsoft.com/developer/msbuild/2003">
  <ItemGroup>
    <ClCompile Include="src\core\event\eventdispatcher.cpp" />
    <ClCompile Include="src\core\fdtypes.h" />
    <ClCompile Include="src\core\input.cpp" />
    <ClCompile Include="src\core\window.cpp" />
    <ClCompile Include="src\fd.cpp" />
    <ClCompile Include="src\frodo.cpp" />
    <ClCompile Include="src\graphics\buffer\bufferlayout.cpp" />
    <ClCompile Include="src\graphics\buffer\indexbuffer.cpp" />
    <ClCompile Include="src\graphics\buffer\vertexbuffer.cpp" />
    <ClCompile Include="src\graphics\d3dcontext.cpp" />
    <ClCompile Include="src\graphics\font\font.cpp" />
    <ClCompile Include="src\graphics\pbr\render\pbrrenderer.cpp" />
    <ClCompile Include="src\graphics\pbr\render\pbrstaticrenderer.cpp" />
    <ClCompile Include="src\graphics\render\material\materialinstance.cpp" />
    <ClCompile Include="src\graphics\render\mesh\mesh.cpp" />
    <ClCompile Include="src\graphics\render\renderer\batchrenderer.cpp" />
    <ClCompile Include="src\graphics\render\camera\camera.cpp" />
    <ClCompile Include="src\graphics\render\camera\usercamera.cpp" />
    <ClCompile Include="src\graphics\render\renderer\fontrenderer.cpp" />
    <ClCompile Include="src\graphics\render\material\material.cpp" />
    <ClCompile Include="src\graphics\render\mesh\meshfactory.cpp" />
    <ClCompile Include="src\graphics\render\renderer\renderer.cpp" />
    <ClCompile Include="src\graphics\shader\shader.cpp" />
    <ClCompile Include="src\graphics\shader\shaderfactory.cpp" />
    <ClCompile Include="src\graphics\shader\shadergen.cpp" />
    <ClCompile Include="src\graphics\shader\shaderparser.cpp" />
    <ClCompile Include="src\graphics\texture\framebuffer2d.cpp" />
    <ClCompile Include="src\graphics\texture\texture.cpp" />
    <ClCompile Include="src\graphics\texture\texture2d.cpp" />
    <ClCompile Include="src\graphics\texture\texturecube.cpp" />
    <ClCompile Include="src\graphics\texture\texturemanager.cpp" />
    <ClCompile Include="src\core\scene.cpp" />
    <ClCompile Include="src\physics\aabb.cpp" />
    <ClCompile Include="src\physics\triangle.cpp" />
    <ClCompile Include="src\physics\ray.cpp" />
    <ClCompile Include="src\physics\line.cpp" />
    <ClCompile Include="src\physics\sphere.cpp" />
    <ClCompile Include="src\core\ui\uibutton.cpp" />
    <ClCompile Include="src\core\ui\uigroup.cpp" />
    <ClCompile Include="src\core\ui\uihandler.cpp" />
    <ClCompile Include="src\core\ui\uiitem.cpp" />
    <ClCompile Include="src\core\ui\uislider.cpp" />
    <ClCompile Include="src\core\ui\uislider_handle.cpp" />
    <ClCompile Include="src\core\ui\uitext.cpp" />
    <ClCompile Include="src\core\ui\uitextbox.cpp" />
    <ClCompile Include="src\core\ui\uitext_autoresize.cpp" />
    <ClCompile Include="src\core\ui\uitext_horizontal_scroll.cpp" />
    <ClCompile Include="src\core\ui\uitext_horizontal_scroll_cursor.cpp" />
    <ClCompile Include="src\graphics\render\renderer\menurenderer.cpp" />
    <ClCompile Include="src\graphics\render\renderer\spriterenderer.cpp" />
    <ClCompile Include="src\util\asset\asset.cpp" />
    <ClCompile Include="src\util\asset\assetmanager.cpp" />
    <ClCompile Include="src\util\asset\package.cpp" />
    <ClCompile Include="src\core\input_event_handler.cpp" />
    <ClCompile Include="src\core\event\fd_key.cpp" />
    <ClCompile Include="src\graphics\d3dadapter.cpp" />
    <ClCompile Include="src\graphics\d3dfactory.cpp" />
    <ClCompile Include="src\graphics\d3doutput.cpp" />
    <ClCompile Include="src\graphics\postfx\posteffect.cpp" />
    <ClCompile Include="src\audio\xadevice.cpp" />
    <ClCompile Include="src\audio\audiomanager.cpp" />
    <ClCompile Include="src\audio\audio.cpp" />
    <ClCompile Include="src\audio\audiomixer.cpp" />
    <ClCompile Include="src\graphics\render\renderer\simplerenderer.cpp" />
  </ItemGroup>
  <ItemGroup>
    <ClCompile Include="src\frodo.cpp">
      <Filter>Source Files</Filter>
    </ClCompile>
    <ClCompile Include="src\fd.cpp">
      <Filter>Source Files</Filter>
    </ClCompile>
    <ClCompile Include="src\core\window.cpp">
      <Filter>Source Files</Filter>
    </ClCompile>
    <ClCompile Include="src\graphics\buffer\vertexbuffer.cpp">
      <Filter>Source Files</Filter>
    </ClCompile>
    <ClCompile Include="src\graphics\d3dcontext.cpp">
      <Filter>Source Files</Filter>
    </ClCompile>
    <ClCompile Include="src\graphics\buffer\indexbuffer.cpp">
      <Filter>Source Files</Filter>
    </ClCompile>
    <ClCompile Include="src\graphics\texture\texture2d.cpp">
      <Filter>Source Files</Filter>
    </ClCompile>
    <ClCompile Include="src\graphics\shader\shader.cpp">
      <Filter>Source Files</Filter>
    </ClCompile>
    <ClCompile Include="src\graphics\buffer\bufferlayout.cpp">
      <Filter>Source Files</Filter>
    </ClCompile>
    <ClCompile Include="src\graphics\texture\framebuffer2d.cpp">
      <Filter>Source Files</Filter>
    </ClCompile>
    <ClCompile Include="src\core\input.cpp">
      <Filter>Source Files</Filter>
    </ClCompile>
    <ClCompile Include="src\util\vfs\vfs.cpp">
      <Filter>Source Files</Filter>
    </ClCompile>
    <ClCompile Include="src\graphics\texture\texturemanager.cpp">
      <Filter>Source Files</Filter>
    </ClCompile>
    <ClCompile Include="src\graphics\shader\shaderfactory.cpp">
      <Filter>Source Files</Filter>
    </ClCompile>
    <ClCompile Include="src\graphics\render\camera\camera.cpp">
      <Filter>Source Files</Filter>
    </ClCompile>
    <ClCompile Include="src\graphics\render\camera\usercamera.cpp">
      <Filter>Source Files</Filter>
    </ClCompile>
    <ClCompile Include="src\graphics\font\font.cpp">
      <Filter>Source Files</Filter>
    </ClCompile>
    <ClCompile Include="src\core\event\eventdispatcher.cpp">
      <Filter>Source Files</Filter>
    </ClCompile>
    <ClCompile Include="src\graphics\shader\shaderparser.cpp">
      <Filter>Source Files</Filter>
    </ClCompile>
    <ClCompile Include="src\graphics\shader\shadergen.cpp">
      <Filter>Source Files</Filter>
    </ClCompile>
    <ClCompile Include="src\graphics\texture\texture.cpp">
      <Filter>Source Files</Filter>
    </ClCompile>
    <ClCompile Include="src\core\fdtypes.h">
      <Filter>Source Files</Filter>
    </ClCompile>
    <ClCompile Include="src\graphics\render\material\material.cpp">
      <Filter>Source Files</Filter>
    </ClCompile>
    <ClCompile Include="src\graphics\render\renderer\batchrenderer.cpp">
      <Filter>Source Files</Filter>
    </ClCompile>
    <ClCompile Include="src\graphics\render\renderer\fontrenderer.cpp">
      <Filter>Source Files</Filter>
    </ClCompile>
    <ClCompile Include="src\graphics\render\mesh\meshfactory.cpp">
      <Filter>Source Files</Filter>
    </ClCompile>
    <ClCompile Include="src\graphics\render\material\materialinstance.cpp">
      <Filter>Source Files</Filter>
    </ClCompile>
    <ClCompile Include="src\graphics\render\mesh\mesh.cpp">
      <Filter>Source Files</Filter>
    </ClCompile>
    <ClCompile Include="src\graphics\render\renderer\renderer.cpp">
      <Filter>Source Files</Filter>
    </ClCompile>
  </ItemGroup>
  <ItemGroup>
    <ClInclude Include="src\core\event\event.h" />
    <ClInclude Include="src\core\event\eventdispatcher.h" />
    <ClInclude Include="src\core\event\eventlistener.h" />
    <ClInclude Include="src\core\event\eventmouse.h" />
    <ClInclude Include="src\core\event\eventwindow.h" />
    <ClInclude Include="src\core\input.h" />
    <ClInclude Include="src\core\window.h" />
    <ClInclude Include="src\entity\entity.h" />
    <ClInclude Include="src\fd.h" />
    <ClInclude Include="src\frodo.h" />
    <ClInclude Include="src\graphics\buffer\buffer.h" />
    <ClInclude Include="src\graphics\buffer\bufferlayout.h" />
    <ClInclude Include="src\graphics\buffer\indexbuffer.h" />
    <ClInclude Include="src\graphics\buffer\vertexbuffer.h" />
    <ClInclude Include="src\graphics\d3dcontext.h" />
    <ClInclude Include="src\graphics\font\font.h" />
    <ClInclude Include="src\graphics\pbr\render\pbrrenderer.h" />
    <ClInclude Include="src\graphics\render\mesh\mesh.h" />
    <ClInclude Include="src\graphics\render\renderer\batchrenderer.h" />
    <ClInclude Include="src\graphics\render\camera\camera.h" />
    <ClInclude Include="src\graphics\render\camera\usercamera.h" />
    <ClInclude Include="src\graphics\render\renderer\fontrenderer.h" />
    <ClInclude Include="src\graphics\render\light\light.h" />
    <ClInclude Include="src\graphics\render\material\material.h" />
    <ClInclude Include="src\graphics\render\mesh\meshfactory.h" />
    <ClInclude Include="src\graphics\render\renderer\renderer.h" />
    <ClInclude Include="src\graphics\shader\shader.h" />
    <ClInclude Include="src\graphics\shader\shaderfactory.h" />
    <ClInclude Include="src\graphics\texture\framebuffer2d.h" />
    <ClInclude Include="src\graphics\texture\texture.h" />
    <ClInclude Include="src\graphics\texture\texture2d.h" />
    <ClInclude Include="src\graphics\texture\texturecube.h" />
    <ClInclude Include="src\graphics\texture\texturemanager.h" />
    <ClInclude Include="src\core\scene.h" />
    <ClInclude Include="src\physics\aabb.h" />
    <ClInclude Include="src\physics\triangle.h" />
    <ClInclude Include="src\physics\ray.h" />
    <ClInclude Include="src\physics\collision.h" />
    <ClInclude Include="src\physics\line.h" />
    <ClInclude Include="src\physics\sphere.h" />
    <ClInclude Include="src\core\event\event.h" />
    <ClInclude Include="src\core\event\eventdispatcher.h" />
    <ClInclude Include="src\core\event\eventlistener.h" />
    <ClInclude Include="src\core\event\eventmouse.h" />
    <ClInclude Include="src\core\event\eventwindow.h" />
    <ClInclude Include="src\core\input.h" />
    <ClInclude Include="src\core\ui\ui.h" />
    <ClInclude Include="src\core\ui\uibutton.h" />
    <ClInclude Include="src\core\ui\uigroup.h" />
    <ClInclude Include="src\core\ui\uihandler.h" />
    <ClInclude Include="src\core\ui\uiitem.h" />
    <ClInclude Include="src\core\ui\uislider.h" />
    <ClInclude Include="src\core\ui\uitext.h" />
    <ClInclude Include="src\core\ui\uitextbox.h" />
    <ClInclude Include="src\core\window.h" />
    <ClInclude Include="src\entity\entity.h" />
    <ClInclude Include="src\fd.h" />
    <ClInclude Include="src\frodo.h" />
    <ClInclude Include="src\graphics\buffer\buffer.h" />
    <ClInclude Include="src\graphics\buffer\bufferlayout.h" />
    <ClInclude Include="src\graphics\buffer\indexbuffer.h" />
    <ClInclude Include="src\graphics\buffer\vertexbuffer.h" />
    <ClInclude Include="src\graphics\d3dcontext.h" />
    <ClInclude Include="src\graphics\font\font.h" />
    <ClInclude Include="src\graphics\render\mesh\mesh.h" />
    <ClInclude Include="src\graphics\render\renderer\batchrenderer.h" />
    <ClInclude Include="src\graphics\render\camera\camera.h" />
    <ClInclude Include="src\graphics\render\camera\usercamera.h" />
    <ClInclude Include="src\graphics\render\renderer\fontrenderer.h" />
    <ClInclude Include="src\graphics\render\light\light.h" />
    <ClInclude Include="src\graphics\render\material\material.h" />
    <ClInclude Include="src\graphics\render\mesh\meshfactory.h" />
    <ClInclude Include="src\graphics\render\renderer\renderer.h" />
    <ClInclude Include="src\graphics\render\renderer\menurenderer.h" />
    <ClInclude Include="src\graphics\render\renderer\spriterenderer.h" />
    <ClInclude Include="src\graphics\shader\shader.h" />
    <ClInclude Include="src\graphics\shader\shaderfactory.h" />
    <ClInclude Include="src\graphics\texture\framebuffer2d.h" />
    <ClInclude Include="src\graphics\texture\texture.h" />
    <ClInclude Include="src\graphics\texture\texture2d.h" />
    <ClInclude Include="src\graphics\texture\texturemanager.h" />
    <ClInclude Include="src\math\valueinterpolation.h" />
    <ClInclude Include="src\util\asset\asset.h" />
    <ClInclude Include="src\util\asset\assetmanager.h" />
    <ClInclude Include="src\util\asset\package.h" />
    <ClInclude Include="src\util\vfs\vfs.h" />
    <ClInclude Include="src\core\event\eventkeyboard.h" />
    <ClInclude Include="src\core\event\fd_key.h" />
    <ClInclude Include="src\graphics\d3dadapter.h" />
    <ClInclude Include="src\graphics\d3dfactory.h" />
    <ClInclude Include="src\graphics\d3doutput.h" />
    <ClInclude Include="src\graphics\postfx\posteffect.h" />
    <ClInclude Include="src\audio\xadevice.h" />
    <ClInclude Include="src\audio\audiomanager.h" />
    <ClInclude Include="src\audio\audio.h" />
    <ClInclude Include="src\audio\audiomixer.h" />
    <ClInclude Include="src\graphics\render\renderer\simplerenderer.h" />
  </ItemGroup>
</Project>